{
    "_meta": {
        "hash": {
            "sha256": "04efaf35ba7337dd73ed0f596805e5fba566d999d7c50c30f23b7819c872f780"
        },
        "pipfile-spec": 6,
        "requires": {
            "python_version": "3.7"
        },
        "sources": [
            {
                "name": "pypi",
                "url": "https://pypi.org/simple",
                "verify_ssl": true
            }
        ]
    },
    "default": {
        "absl-py": {
            "hashes": [
                "sha256:0ce45920056fbbb66f52fcee7408ba6311da19f55589b2b3aab9f8af92a0e1f2"
            ],
            "version": "==0.8.0"
        },
        "astor": {
            "hashes": [
                "sha256:0e41295809baf43ae8303350e031aff81ae52189b6f881f36d623fa8b2f1960e",
                "sha256:37a6eed8b371f1228db08234ed7f6cfdc7817a3ed3824797e20cbb11dc2a7862"
            ],
            "version": "==0.8.0"
        },
        "blis": {
            "hashes": [
                "sha256:039129410a338be8db8cf48c54334bd7c30da7e72bad2741e59313b1d242814b",
                "sha256:058f9109aaea9d4f88cb623a44994d96c8cf36448de3e1bd30210628d6b52e9e",
                "sha256:278d7b95e56cf82a6bef91cd8283eadc9401f2d3bdbbf2cdfdb605cf9081c36e",
                "sha256:2d4ca1508fd6229c7994fc17ba324083a5b83f66612c8ea62623a41a1768b030",
                "sha256:51a54bad6175e9b154beeb628a879ed492ee2247c9e40c77bdf6fc772145130c",
                "sha256:886b313f96d4e268a0587e98c1637d963c73defa8de51e2e6b0d0bd00f16afbb",
                "sha256:9f12e6f1e4b10dbb1e0e34e98f60e8435058a60d544a009cb761351fe1d12cad",
                "sha256:a54d4fa1908d586f8bce9851a453cb89d1542e9aca65b8b88e9bb9432d626f80",
                "sha256:b9d6cef13d95e3752320cd942df25e09160a6f9dfc3d7b41af7cdc772ab18270",
                "sha256:d571464d195a950e60bf1547c8914d4da50952e06a0f38cea7b0829d0a4b985a",
                "sha256:d616d64c85e6be92d69a1410dc58146cb9603fd1eb148f9ee512b8fddfd789f6",
                "sha256:e477c7eaacf7dcccbb190a29559579efb287ecf5c2a9a7a6f9acb0452899f033",
                "sha256:e6ae1986625af86f90f111f9d2d284b9e45fddfe56cf40524cdd9417a6a33b87"
            ],
            "version": "==0.2.4"
        },
        "certifi": {
            "hashes": [
                "sha256:e4f3620cfea4f83eedc95b24abd9cd56f3c4b146dd0177e83a21b4eb49e21e50",
                "sha256:fd7c7c74727ddcf00e9acd26bba8da604ffec95bf1c2144e67aff7a8b50e6cef"
            ],
            "version": "==2019.9.11"
        },
        "chardet": {
            "hashes": [
                "sha256:84ab92ed1c4d4f16916e05906b6b75a6c0fb5db821cc65e70cbd64a3e2a5eaae",
                "sha256:fc323ffcaeaed0e0a02bf4d117757b98aed530d9ed4531e3e15460124c106691"
            ],
            "version": "==3.0.4"
        },
        "cymem": {
            "hashes": [
                "sha256:081c652ae1aff4759813e93a2fc4df4ba410ce214a0e542988e24c62110d4cd0",
                "sha256:0e447fa4cb6dccd0b96257a798370a17bef3ec254a527230058e41816a777c04",
                "sha256:2c8267dcb15cc6ab318f01ceaf16b8440c0386ae44014d5b22fefe5b0398d05c",
                "sha256:46141111eedbb5b0d8c9386b00226a15f5727a1202b9095f4363d425f259267e",
                "sha256:4994c1f3e948bd58a6e38c905221680563b851983a15f1f01e5ff415d560d153",
                "sha256:584872fd3df176e50c90e37aaca6cb731ac0abcdea4f5b8ad77c30674cfaaa99",
                "sha256:6e3194135b21bb268030f3473beb8b674b356c330a9fa185dced2f5006cbd5ba",
                "sha256:71710ee0e946a6bd33c86dd9e71f95ad584c65e8bb02615f00ceb0d8348fb303",
                "sha256:741957f541fb8322de5a8c711d5d58f80d684225d2aec32fec92484cac931a52",
                "sha256:7f01ba6153427811cd7d35630081c69b32c188a1d330599a826ef3bf17edbd7c",
                "sha256:8d96e95902e781950d7c255b19364a1ed50a204843d63dd386b0abc5e6df5e44",
                "sha256:8dd169ece1629ec4db1a592321e3ae0a9bb62fda2052a351fc36871f314c3569",
                "sha256:8e6ad29636edd559b0dfe0a19c5cb5e6257461a5df90839e8c7710ddb005f4b4",
                "sha256:9935b233882732f03fd0fadbeb9e9aa672edcdd126e6d52c36d60adf1def8ea5",
                "sha256:a38b3229782411e4b23240f5f90000c4e7a834af88ed8763c66f8e4603db6b51",
                "sha256:a5966b3171bad9c84a2b19dccda5ab37ae8437c0709a6b72cb42b64ea76a4bd3",
                "sha256:ab88b1534f06df07262d9bc5efb3ba07948cdbe9a363eb9eaa4ad42fae6c7b5e",
                "sha256:b08b0dd7adafbff9f0fd7dc8dcad5f3ce6f23c126c81ad8d1666880cc94e6974",
                "sha256:ba47b571d480c0b76d282ff1634372070031d4998a46ae5d8305d49563b74ca6",
                "sha256:bf049dc9cf0d3aa4a48ba514b7f1699fb6f35b18ad8c6f018bd13e0bccd9d30c",
                "sha256:c46a122c524a3270ac5249f590ac2f75f1a83692a3d3a03479cea49de72a0a89",
                "sha256:c63337aa7e1ad4ec182cc7847c6d85390589fbbf1f9f67d1fde8133a9acb7fa8",
                "sha256:ec51273ea08a2c6389bc4dd6b5183354826d916b149a041f2f274431166191bc"
            ],
            "version": "==2.0.2"
        },
        "gast": {
            "hashes": [
                "sha256:fe939df4583692f0512161ec1c880e0a10e71e6a232da045ab8edd3756fbadf0"
            ],
            "version": "==0.2.2"
        },
        "google-pasta": {
            "hashes": [
                "sha256:40b4f55ba7b44823eac96d055000572c84ce48cacb3e91c100869844064b2d07",
                "sha256:79d1ce28b381d68e98ef7707d19909adb58912f8dae8734402454424fc76b8fe",
                "sha256:7ca8afc4cfeebf4a079cdf586333d5447cecd19a997475136138fc83c3351bc4"
            ],
            "version": "==0.1.7"
        },
        "grpcio": {
            "hashes": [
                "sha256:0337debec20fe385bcd49048d6917270efbc17a5119857466559b4db91f8995b",
                "sha256:164f82a99e08797ea786283b66b45ebe76772d321577d1674ba6fe0200155892",
                "sha256:172dfba8d9621048c2cbc1d1cf7a02244e9a9a8cff5bb79bb30bcb0c13c7fd31",
                "sha256:18f4b536d8a9cfa15b3214e0bb628071def94160699e91798f0a954c3b2db88d",
                "sha256:2283b56bda49b068b0f08d006fffc7dd46eae72322f1a5dec87fc9c218f1dc2d",
                "sha256:26b33f488a955bf49262d2ce3423d3a8174108506d8f819e8150aca21bdd3b99",
                "sha256:31cc9b6f70bdd0d9ff53df2d563ea1fb278601d5c625932d8a82d03b08ff3de0",
                "sha256:37dd8684fbc2bc00766ae6784bcbd7f874bc96527636a341411db811d04ff650",
                "sha256:424c01189ef51a808669f020368b01204e0f1fa0bf2adab7c8d0d13166f92e9e",
                "sha256:431c099f20a1f1d97def98f87bb74fa752e8819c2bab23d79089353aed1acc9b",
                "sha256:4c2f1d0b27bcef301e5d5c1da05ffd7d174f807f61889c006b8e708b16bc978e",
                "sha256:59b8d738867b59c5daaff5df242b5f3f9c58b47862f603c6ee530964b897b69b",
                "sha256:8d4f1ee2a67cf8f792d4fc9b8c7bb2148174e838d935f175653aec234752828b",
                "sha256:97ab9e35b47bda0441332204960f95c1169c55ec8e989381bedd32bdb9f78b05",
                "sha256:9cf93e185507bfdaa7ed45a90049bd3f1ed3f6357ad3772b31e993ff723cf67d",
                "sha256:a5a81472c0ca6181492b9291c316ff60c6c94dd3f21c1e8c481f21923d899af0",
                "sha256:aaa1feb0fdd094af6db0a16cbd446ed94285a50e320aede5971152d9ea022df8",
                "sha256:b36bf4408f8400ee9ab13ff129e71f2e4c72ce2d8886b744aeab77ce50a55cf6",
                "sha256:bb345f7e98b38a2c1ef33ff1145687234f78dfeedf308b41b3e41f4b42eba099",
                "sha256:c13ae15695e0eb4ba2db920d6a197171d2398c675afa4f27460b6381d20a6884",
                "sha256:c4a233a00cc5b64543e97733902151bc6738396931b3c166aad03a3aaadbd479",
                "sha256:c521c5f8a95baabba69c68dd0f5e34f37c8adf1a9691f9884dba3eab4ebadc29",
                "sha256:c772edd094fe3e54d6d54fdecb90c51cb8d07b55e9c1cda2d33e9615e33d07e8",
                "sha256:cebfba6542855403b29e4bc95bbcd5ab444f21137b440f2fb7c7925ca0e55bfd",
                "sha256:d7490e013c4bad3e8db804fc6483b47125dc8df0ebcfd6e419bd25df35025301",
                "sha256:dfb6063619f297cbd22c67530d7465d98348b35d0424bbc1756b36c5ef9f99d4",
                "sha256:e80a15b48a66f35c7c33db2a7df4034a533b362269d0e60e0036e23f14bac7b5",
                "sha256:ea444fa1c1ec4f8d2ce965bb01e06148ef9ceb398fb2f627511d50f137eac35b",
                "sha256:ec986cbf8837a49f9612cc1cfc2a8ccb54875cfce5355a121279de35124ea1db",
                "sha256:fb641df6de8c4a55c784c24d334d53096954d9b30679d3ce5eb6a4d25c1020a3",
                "sha256:fb88bd791c8efbcb36de12f0aa519ceec0b7806d3decff16e412e097d4725d44",
                "sha256:ffa1be3d566a9cbd21a5f2d95fd9262ec6c337c499291bfeb51547b8de18942e"
            ],
            "version": "==1.24.0"
        },
        "h5py": {
            "hashes": [
                "sha256:063947eaed5f271679ed4ffa36bb96f57bc14f44dd4336a827d9a02702e6ce6b",
                "sha256:13c87efa24768a5e24e360a40e0bc4c49bcb7ce1bb13a3a7f9902cec302ccd36",
                "sha256:16ead3c57141101e3296ebeed79c9c143c32bdd0e82a61a2fc67e8e6d493e9d1",
                "sha256:3dad1730b6470fad853ef56d755d06bb916ee68a3d8272b3bab0c1ddf83bb99e",
                "sha256:51ae56894c6c93159086ffa2c94b5b3388c0400548ab26555c143e7cfa05b8e5",
                "sha256:54817b696e87eb9e403e42643305f142cd8b940fe9b3b490bbf98c3b8a894cf4",
                "sha256:549ad124df27c056b2e255ea1c44d30fb7a17d17676d03096ad5cd85edb32dc1",
                "sha256:6998be619c695910cb0effe5eb15d3a511d3d1a5d217d4bd0bebad1151ec2262",
                "sha256:6ef7ab1089e3ef53ca099038f3c0a94d03e3560e6aff0e9d6c64c55fb13fc681",
                "sha256:769e141512b54dee14ec76ed354fcacfc7d97fea5a7646b709f7400cf1838630",
                "sha256:79b23f47c6524d61f899254f5cd5e486e19868f1823298bc0c29d345c2447172",
                "sha256:7be5754a159236e95bd196419485343e2b5875e806fe68919e087b6351f40a70",
                "sha256:84412798925dc870ffd7107f045d7659e60f5d46d1c70c700375248bf6bf512d",
                "sha256:86868dc07b9cc8cb7627372a2e6636cdc7a53b7e2854ad020c9e9d8a4d3fd0f5",
                "sha256:8bb1d2de101f39743f91512a9750fb6c351c032e5cd3204b4487383e34da7f75",
                "sha256:a5f82cd4938ff8761d9760af3274acf55afc3c91c649c50ab18fcff5510a14a5",
                "sha256:aac4b57097ac29089f179bbc2a6e14102dd210618e94d77ee4831c65f82f17c0",
                "sha256:bffbc48331b4a801d2f4b7dac8a72609f0b10e6e516e5c480a3e3241e091c878",
                "sha256:c0d4b04bbf96c47b6d360cd06939e72def512b20a18a8547fa4af810258355d5",
                "sha256:c54a2c0dd4957776ace7f95879d81582298c5daf89e77fb8bee7378f132951de",
                "sha256:cbf28ae4b5af0f05aa6e7551cee304f1d317dbed1eb7ac1d827cee2f1ef97a99",
                "sha256:d3c59549f90a891691991c17f8e58c8544060fdf3ccdea267100fa5f561ff62f",
                "sha256:d7ae7a0576b06cb8e8a1c265a8bc4b73d05fdee6429bffc9a26a6eb531e79d72",
                "sha256:ecf4d0b56ee394a0984de15bceeb97cbe1fe485f1ac205121293fc44dcf3f31f",
                "sha256:f0e25bb91e7a02efccb50aba6591d3fe2c725479e34769802fcdd4076abfa917",
                "sha256:f23951a53d18398ef1344c186fb04b26163ca6ce449ebd23404b153fd111ded9",
                "sha256:ff7d241f866b718e4584fa95f520cb19405220c501bd3a53ee11871ba5166ea2"
            ],
            "version": "==2.10.0"
        },
        "idna": {
            "hashes": [
                "sha256:c357b3f628cf53ae2c4c05627ecc484553142ca23264e593d327bcde5e9c3407",
                "sha256:ea8b7f6188e6fa117537c3df7da9fc686d485087abf6ac197f9c46432f7e4a3c"
            ],
            "version": "==2.8"
        },
        "keras-applications": {
            "hashes": [
                "sha256:5579f9a12bcde9748f4a12233925a59b93b73ae6947409ff34aa2ba258189fe5",
                "sha256:df4323692b8c1174af821bf906f1e442e63fa7589bf0f1230a0b6bdc5a810c95"
            ],
            "version": "==1.0.8"
        },
        "keras-preprocessing": {
            "hashes": [
                "sha256:44aee5f2c4d80c3b29f208359fcb336df80f293a0bb6b1c738da43ca206656fb",
                "sha256:5a8debe01d840de93d49e05ccf1c9b81ae30e210d34dacbcc47aeb3049b528e5"
            ],
            "version": "==1.1.0"
        },
        "markdown": {
            "hashes": [
                "sha256:2e50876bcdd74517e7b71f3e7a76102050edec255b3983403f1a63e7c8a41e7a",
                "sha256:56a46ac655704b91e5b7e6326ce43d5ef72411376588afa1dd90e881b83c7e8c"
            ],
            "version": "==3.1.1"
        },
        "murmurhash": {
            "hashes": [
                "sha256:27b908fe4bdb426f4e4e4a8821acbe0302915b2945e035ec9d8ca513e2a74b1f",
                "sha256:33405103fa8cde15d72ee525a03d5cfe2c7e4901133819754810986e29627d68",
                "sha256:386a9eed3cb27cb2cd4394b6521275ba04552642c2d9cab5c9fb42aa5a3325c0",
                "sha256:3af36a0dc9f13f6892d9b8b39a6a3ccf216cae5bce38adc7c2d145677987772f",
                "sha256:717196a04cdc80cc3103a3da17b2415a8a5e1d0d578b7079259386bf153b3258",
                "sha256:8a4ed95cd3456b43ea301679c7c39ade43fc18b844b37d0ba0ac0d6acbff8e0c",
                "sha256:a6c071b4b498bcea16a8dc8590cad81fa8d43821f34c74bc00f96499e2527073",
                "sha256:b0afe329701b59d02e56bc6cee7325af83e3fee9c299c615fc1df3202b4f886f",
                "sha256:ba766343bdbcb928039b8fff609e80ae7a5fd5ed7a4fc5af822224b63e0cbaff",
                "sha256:bf33490514d308bcc27ed240cb3eb114f1ec31af031535cd8f27659a7049bd52",
                "sha256:c7a646f6b07b033642b4f52ae2e45efd8b80780b3b90e8092a0cec935fbf81e2",
                "sha256:d696c394ebd164ca80b5871e2e9ad2f9fdbb81bd3c552c1d5f1e8ee694e6204a",
                "sha256:fe344face8d30a5a6aa26e5acf288aa2a8f0f32e05efdda3d314b4bf289ec2af"
            ],
            "version": "==1.0.2"
        },
        "numpy": {
            "hashes": [
                "sha256:05dbfe72684cc14b92568de1bc1f41e5f62b00f714afc9adee42f6311738091f",
                "sha256:0d82cb7271a577529d07bbb05cb58675f2deb09772175fab96dc8de025d8ac05",
                "sha256:10132aa1fef99adc85a905d82e8497a580f83739837d7cbd234649f2e9b9dc58",
                "sha256:12322df2e21f033a60c80319c25011194cd2a21294cc66fee0908aeae2c27832",
                "sha256:16f19b3aa775dddc9814e02a46b8e6ae6a54ed8cf143962b4e53f0471dbd7b16",
                "sha256:3d0b0989dd2d066db006158de7220802899a1e5c8cf622abe2d0bd158fd01c2c",
                "sha256:438a3f0e7b681642898fd7993d38e2bf140a2d1eafaf3e89bb626db7f50db355",
                "sha256:5fd214f482ab53f2cea57414c5fb3e58895b17df6e6f5bca5be6a0bb6aea23bb",
                "sha256:73615d3edc84dd7c4aeb212fa3748fb83217e00d201875a47327f55363cef2df",
                "sha256:7bd355ad7496f4ce1d235e9814ec81ee3d28308d591c067ce92e49f745ba2c2f",
                "sha256:7d077f2976b8f3de08a0dcf5d72083f4af5411e8fddacd662aae27baa2601196",
                "sha256:a4092682778dc48093e8bda8d26ee8360153e2047826f95a3f5eae09f0ae3abf",
                "sha256:b458de8624c9f6034af492372eb2fee41a8e605f03f4732f43fc099e227858b2",
                "sha256:e70fc8ff03a961f13363c2c95ef8285e0cf6a720f8271836f852cc0fa64e97c8",
                "sha256:ee8e9d7cad5fe6dde50ede0d2e978d81eafeaa6233fb0b8719f60214cf226578",
                "sha256:f4a4f6aba148858a5a5d546a99280f71f5ee6ec8182a7d195af1a914195b21a2"
            ],
            "version": "==1.17.2"
        },
        "opt-einsum": {
            "hashes": [
                "sha256:edfada4b1d0b3b782ace8bc14e80618ff629abf53143e1e6bbf9bd00b11ece77"
            ],
            "version": "==3.1.0"
        },
        "plac": {
            "hashes": [
                "sha256:854693ad90367e8267112ffbb8955f57d6fdeac3191791dc9ffce80f87fd2370",
                "sha256:ba3f719a018175f0a15a6b04e6cc79c25fd563d348aacd320c3644d2a9baf89b"
            ],
            "version": "==0.9.6"
        },
        "preshed": {
            "hashes": [
                "sha256:0c9af79c7b825793f987d477627efb81afd23384ac791bebbc88a257342a77ab",
                "sha256:0ebc79431154bc5d12f97b3c93bc350af941702a44f0761dfcd395e970d693f8",
                "sha256:102e71dc841c979b2ece44ab05b2b0aa39c8039493ddac40dd22cf23e2484063",
                "sha256:15145b24eded01426544be829a6395d6c99e2d62f5f3b88a6e19087ebeef7237",
                "sha256:195674dfb4bcf18b26e448feaabdf61adcf028ae69ecaa075c0bdfaf62a19671",
                "sha256:38f7fbef59f89d3b2c8c3b102f9a7360cd73a33c829fdeb101c615b18ecc4686",
                "sha256:3aa411233dc230247ea4c4558062e5b2d59d41c697107a45fddbfe03e63f3e77",
                "sha256:3b8c7b607e6dce0843544cfe4f05355db0516fce8eca0c37d6b5f4f3680493bf",
                "sha256:4bda4153d46a603bc6ea65380dfa091d46700f664cb906c7f26a469be6c2a503",
                "sha256:541d7ed765d67512d6f9fa24fd01cc1d7a51c7ff2646362924f4db46813b485a",
                "sha256:593d23b9f851ae7a4d519ca4489dd2b352d833e08f5d35795d42a591b8badb54",
                "sha256:7f6fb8f4108abe958af892847ed50abe6f45aaf45a87853cc8154a7203e75d84",
                "sha256:7ff7f18af1f19ea666ac4fbf48842e6acd900fbfdc26bb9aad02f353ff932386",
                "sha256:9c0d503d8693bf1e08e0fa1cecbcd3253146abaa9a7501d7d583a72edd29fdd1",
                "sha256:9cefe818a97134c0ddf22ef76fced1c841ebd137c2895251c5d1310276c234b5",
                "sha256:9e603916a95dc524081d54c0a135611e6f68d787185d5df2b5ab3f076c3d1bd4",
                "sha256:a2acacceac79aa6d4b65125e20c7de78fbca1340a251854c87967acef1795490",
                "sha256:a3d592e7b265b4faf08c9b4d7493b9e8604e0ba8858cc9bd8c9aee41d3df2a3a",
                "sha256:b2030e68c6f539e6dd7bfcea032940042739ef05d50a2eb1d7af24e038971b0f",
                "sha256:bc894dc14d8567a5d6a1cded0a701da7fbb360b2124237fe8acde85333825aef",
                "sha256:c21d4d10cc0248ba3facbbbfbe63211ce921478a3d5db6de34de39ee1b3484e1",
                "sha256:dae01c74313965c487e0ec839e5f28d0c7df9bfd1d978aa5bada3f72ff20a9e5",
                "sha256:ee8068035684a4b382bebb3a3f270799360545baff9742b85e627a0a889e6850"
            ],
            "version": "==2.0.1"
        },
        "protobuf": {
            "hashes": [
                "sha256:26c0d756c7ad6823fccbc3b5f84c619b9cc7ac281496fe0a9d78e32023c45034",
                "sha256:3200046e4d4f6c42ed66257dbe15e2e5dc76072c280e9b3d69dc8f3a4fa3fbbc",
                "sha256:368f1bae6dd22d04fd2254d30cd301863408a96ff604422e3ddd8ab601f095a4",
                "sha256:3902fa1920b4ef9f710797496b309efc5ccd0faeba44dc82ed6a711a244764a0",
                "sha256:3a7a8925ba6481b9241cdb5d69cd0b0700f23efed6bb691dc9543faa4aa25d6f",
                "sha256:4bc33d49f43c6e9916fb56b7377cb4478cbf25824b4d2bedfb8a4e3df31c12ca",
                "sha256:568b434a36e31ed30d60d600b2227666ce150b8b5275948f50411481a4575d6d",
                "sha256:5c393cd665d03ce6b29561edd6b0cc4bcb3fb8e2a7843e8f223d693f07f61b40",
                "sha256:80072e9ba36c73cf89c01f669c7b123733fc2de1780b428082a850f53cc7865f",
                "sha256:843f498e98ad1469ad54ecb4a7ccf48605a1c5d2bd26ae799c7a2cddab4a37ec",
                "sha256:aa45443035651cbfae74c8deb53358ba660d8e7a5fbab3fc4beb33fb3e3ca4be",
                "sha256:aaab817d9d038dd5f56a6fb2b2e8ae68caf1fd28cc6a963c755fa73268495c13",
                "sha256:e6f68b9979dc8f75299293d682f67fecb72d78f98652da2eeb85c85edef1ca94",
                "sha256:e7366cabddff3441d583fdc0176ab42eba4ee7090ef857d50c4dd59ad124003a",
                "sha256:f0144ad97cd28bfdda0567b9278d25061ada5ad2b545b538cd3577697b32bda3",
                "sha256:f655338491481f482042f19016647e50365ab41b75b486e0df56e0dcc425abf4"
            ],
            "version": "==3.9.2"
        },
        "requests": {
            "hashes": [
                "sha256:11e007a8a2aa0323f5a921e9e6a2d7e4e67d9877e85773fba9ba6419025cbeb4",
                "sha256:9cf5292fcd0f598c671cfc1e0d7d1a7f13bb8085e9a590f48c010551dc6c4b31"
            ],
            "version": "==2.22.0"
        },
        "six": {
            "hashes": [
                "sha256:3350809f0555b11f552448330d0b52d5f24c91a322ea4a15ef22629740f3761c",
                "sha256:d16a0141ec1a18405cd4ce8b4613101da75da0e9a7aec5bdd4fa804d0e0eba73"
            ],
            "version": "==1.12.0"
        },
        "spacy": {
            "hashes": [
                "sha256:1dab40ef0ba0beebdd98a05598930d0091d5ad7db88f615cc6446d86335d0054",
                "sha256:2a1cf2eb8851f27341bde6a597482cc408ca5b54a80fa5ed163d31efacc6ab24",
                "sha256:3986e74403e2ec5a1fc21bf57db4f144ba98a67c61f16e3bd41807af8aee9a32",
                "sha256:4a744768cdd10a5d3ab2383fd7ce13b9051885e819dd7dfdb4cf9dc111117358",
                "sha256:4d9b22447e2671ac95d7e88d65f8edf719235ff26a9f76f35c95cb5bb9970be2",
                "sha256:9c510459a66703739d6ba6c958fcff2627399dd813829a020d5644b532034ab6",
                "sha256:a8b7d63a71a60d8512ff18f181d3c0f0fedba8522b6cf5f47df20dc2db2b166c",
                "sha256:c026295614a487c7d0340eca94f9dae1beb8ca6f7eabef57e62baf011c304bfc",
                "sha256:d7b29b6689360540fa209529a855428c7742390b20b1dc7a4c7cf6c0e5bc7ff9",
                "sha256:e66698cd7f6737d1ac1af55428c91d5f7af86bd2295cd43b7bc62ccd3646d216"
            ],
            "index": "pypi",
            "version": "==2.1.8"
        },
        "srsly": {
            "hashes": [
                "sha256:04e15e87a373243dd0f09c002374eb773051575c3a360431c27aca590105bfe5",
                "sha256:0c5adb835342070dbb8305e797ed1b7840ee4b0f14e8d037548f5425bdbc49e7",
                "sha256:2b8d791b4a8ded47ce6a474903fb05d16bcdbabfcf8a5acde337ed5100fd45b9",
                "sha256:4488eb4bd60825ac4ebf8dc4f8d8a0a87c5ef643b923764b9468315e3bef1ecd",
                "sha256:5cc0dc561fa70cf12d21d192990a48388a78c8062cd3dcadcf336fc1c3953ed1",
                "sha256:65ea2f04b2dc49e2f5ac3091cf6c41da81f192a44859f6ac947892610ff7326e",
                "sha256:8b253482060917a07dbdaad66d03fd4071cbcc81c8e8534c1c87b99aa5c37021",
                "sha256:95b9cb2463348173cf70bb161dbf96706a490d74cab3ee7f97dcc39870e23887",
                "sha256:ab5650609761ccf31c8051d1c0dcbaa5579d47363b8c634f4e2643099188f5c8",
                "sha256:ca77055c8c489e818532c300e74c2d1ff715396b12c1842065807b27b6906078",
                "sha256:e2f0dc57b6ea0848e2a3a867be6aa5e5ce3b1a6cc28be9b3c7dd0c49bd280fc9",
                "sha256:e623bb69585e8e014ddba20fce4cbca64ccc40b425a1496e291827a5fc274d06",
                "sha256:eff9902cb28f4d54cd44d8f363d0b4e67ccc7a01e4558d6565f7ece37c654b08",
                "sha256:f128a3a57fed854930321527bd888a19c0a328cf70d1ca104cbc513f422b2860"
            ],
            "version": "==0.1.0"
        },
        "tensorboard": {
            "hashes": [
                "sha256:143e8c8226e812bed1ad26e9139e7aeda70ea4984aab40ade52a02454bec84e4",
                "sha256:d3559616ccad8d72e7a259bff51be61a9bf1e66e2cebdc782c33e4b588b5e943"
            ],
            "version": "==2.0.0"
        },
        "tensorflow": {
            "hashes": [
                "sha256:1351cc812880b083acf243602d05036bb27711ca66ee08c99a2d16da70371906",
                "sha256:1d94692b1c2b71a9a3e5f2fbc5aba4a5126661ad4ba192d849b9626cc32648cf",
                "sha256:32556d286068a6ec7ab65295be8b482cd22cccbf276af49837aed1d59c06995e",
                "sha256:73e9bf5a3f850fd8f630ca17c13b79dfbe1283a08b6f15b9c956697e98fb53f3",
                "sha256:8a4b09e67ae2fbd92802a4df9a7d24685950ff33b57b88439b9f1f027a54a513",
                "sha256:c5f85f9270d4cdaea7c0dea0b3e6187f6844455bb03a51032145a2cde35fcabb",
                "sha256:d2f99b19e161f7044929c004e98a72789267c7971ca667da6a31afc81a887932",
                "sha256:e7f1c217852facad332e59025d4f872df0ba8fef0322249af4db98ffe09e9f41",
                "sha256:f132935755472b77c1bf6d638f32c3101e5d6c04c5d6725dff8b6e27c5f9e15a",
                "sha256:f31357637ae6dcdf135b4fd108f325bd6399d250cc2eefefd65140d5313fdd3a",
                "sha256:fca6a935bb96f947c28a4bebba7ca1d8b9686fb4c02a06d24b11a2f66ca20b81"
            ],
            "index": "pypi",
            "version": "==2.0.0"
        },
        "tensorflow-estimator": {
            "hashes": [
                "sha256:54fdfe8712d54627579bc6d524ced43bbd57042cb2ce411bdf2ae46b29a772da"
            ],
            "version": "==2.0.0"
        },
        "termcolor": {
            "hashes": [
                "sha256:1d6d69ce66211143803fbc56652b41d73b4a400a2891d7bf7a1cdf4c02de613b"
            ],
            "version": "==1.1.0"
        },
        "thinc": {
            "hashes": [
                "sha256:02c3aceae5057f13bb17aae8c9ad945a1986599387febb1ceeced1a4dac2066e",
                "sha256:2c62d9527f5f5fe0c79947a96a855f831ae3c949db00452d99991148370acff1",
                "sha256:3894eae850735d6033ca33f3f4fb61e35650ae33533e7d6b9b956a567dbe0db1",
                "sha256:4ef23bea2d7cc67b1b37c87b49536e4bc5bf91a25c3ba5b0dac07d5b89dbcc1a",
                "sha256:5cdb72e8efec0e7b6efae09a09245d744f144114048f63f1ed4b63b8656d2aa4",
                "sha256:6ebf3519383b8c7ee64d0f7041818486e4f4c6119c55f1a39412e005893da11a",
                "sha256:89df96c2cc2e45c92e7217c3cc0c30a01443f958e565e373239186ff939fdfe9",
                "sha256:95589d0d177739ae36d6b31b14c62c01e3e32fa3debbffcbcbd436b4d09e910f",
                "sha256:b117fb43048ed28b5fe0285e81a2a1e6b4999edd638413e2e52fa981d0c7e5a5",
                "sha256:e646c6a656d33019510ee464ebff545940d712706674dbf0136434245625e2dd",
                "sha256:e7486cffa3f8f374efb5c008f32776e104a6afeb6f8d9149ec868726fc6ef1af",
                "sha256:f27e0fe9b1e4be2eb0ff95112a9cbcd79e1614d25b8bae6f2e8e2b727c2a2fe6"
            ],
            "version": "==7.0.8"
        },
        "tqdm": {
            "hashes": [
                "sha256:abc25d0ce2397d070ef07d8c7e706aede7920da163c64997585d42d3537ece3d",
                "sha256:dd3fcca8488bb1d416aa7469d2f277902f26260c45aa86b667b074cd44b3b115"
            ],
            "version": "==4.36.1"
        },
        "urllib3": {
            "hashes": [
                "sha256:3de946ffbed6e6746608990594d08faac602528ac7015ac28d33cee6a45b7398",
                "sha256:9a107b99a5393caf59c7aa3c1249c16e6879447533d0887f4336dde834c7be86"
            ],
            "version": "==1.25.6"
        },
        "wasabi": {
            "hashes": [
                "sha256:b4fbee9dd0c8f5cff6554c0463c565e2d52b7c844d7eccb477d29a6ff8567750",
                "sha256:f92c83e728bf1db6dc859ffc861afa328d2da8ef0c7a19300e5fb1bd5762b277"
            ],
            "version": "==0.2.2"
        },
        "werkzeug": {
            "hashes": [
                "sha256:7280924747b5733b246fe23972186c6b348f9ae29724135a6dfc1e53cea433e7",
                "sha256:e5f4a1f98b52b18a93da705a7458e55afb26f32bff83ff5d19189f92462d65c4"
            ],
            "version": "==0.16.0"
        },
        "wheel": {
            "hashes": [
                "sha256:10c9da68765315ed98850f8e048347c3eb06dd81822dc2ab1d4fde9dc9702646",
                "sha256:f4da1763d3becf2e2cd92a14a7c920f0f00eca30fdde9ea992c836685b9faf28"
            ],
            "markers": "python_version >= '3'",
            "version": "==0.33.6"
        },
        "wrapt": {
            "hashes": [
                "sha256:565a021fd19419476b9362b05eeaa094178de64f8361e44468f9e9d7843901e1"
            ],
            "version": "==1.11.2"
        }
    },
    "develop": {
        "appnope": {
            "hashes": [
                "sha256:5b26757dc6f79a3b7dc9fab95359328d5747fcb2409d331ea66d0272b90ab2a0",
                "sha256:8b995ffe925347a2138d7ac0fe77155e4311a0ea6d6da4f5128fe4b3cbe5ed71"
            ],
            "markers": "sys_platform == 'darwin'",
            "version": "==0.1.0"
        },
        "autopep8": {
            "hashes": [
                "sha256:4d8eec30cc81bc5617dbf1218201d770dc35629363547f17577c61683ccfb3ee"
            ],
            "index": "pypi",
            "version": "==1.4.4"
        },
        "backcall": {
            "hashes": [
                "sha256:38ecd85be2c1e78f77fd91700c76e14667dc21e2713b63876c0eb901196e01e4",
                "sha256:bbbf4b1e5cd2bdb08f915895b51081c041bac22394fdfcfdfbe9f14b77c08bf2"
            ],
            "version": "==0.1.0"
        },
        "decorator": {
            "hashes": [
                "sha256:86156361c50488b84a3f148056ea716ca587df2f0de1d34750d35c21312725de",
                "sha256:f069f3a01830ca754ba5258fde2278454a0b5b79e0d7f5c13b3b97e57d4acff6"
            ],
            "version": "==4.4.0"
        },
        "entrypoints": {
            "hashes": [
                "sha256:589f874b313739ad35be6e0cd7efde2a4e9b6fea91edcc34e58ecbb8dbe56d19",
                "sha256:c70dd71abe5a8c85e55e12c19bd91ccfeec11a6e99044204511f9ed547d48451"
            ],
            "version": "==0.3"
        },
        "flake8": {
            "hashes": [
                "sha256:19241c1cbc971b9962473e4438a2ca19749a7dd002dd1a946eaba171b4114548",
                "sha256:8e9dfa3cecb2400b3738a42c54c3043e821682b9c840b0448c0503f781130696"
            ],
            "index": "pypi",
            "version": "==3.7.8"
        },
        "ipython": {
            "hashes": [
                "sha256:c4ab005921641e40a68e405e286e7a1fcc464497e14d81b6914b4fd95e5dee9b",
                "sha256:dd76831f065f17bddd7eaa5c781f5ea32de5ef217592cf019e34043b56895aa1"
            ],
            "index": "pypi",
            "version": "==7.8.0"
        },
        "ipython-genutils": {
            "hashes": [
                "sha256:72dd37233799e619666c9f639a9da83c34013a73e8bbc79a7a6348d93c61fab8",
                "sha256:eb2e116e75ecef9d4d228fdc66af54269afa26ab4463042e33785b887c628ba8"
            ],
            "version": "==0.2.0"
        },
        "jedi": {
            "hashes": [
                "sha256:786b6c3d80e2f06fd77162a07fed81b8baa22dde5d62896a790a331d6ac21a27",
                "sha256:ba859c74fa3c966a22f2aeebe1b74ee27e2a462f56d3f5f7ca4a59af61bfe42e"
            ],
            "version": "==0.15.1"
        },
        "mccabe": {
            "hashes": [
                "sha256:ab8a6258860da4b6677da4bd2fe5dc2c659cff31b3ee4f7f5d64e79735b80d42",
                "sha256:dd8d182285a0fe56bace7f45b5e7d1a6ebcbf524e8f3bd87eb0f125271b8831f"
            ],
            "version": "==0.6.1"
        },
        "parso": {
            "hashes": [
                "sha256:63854233e1fadb5da97f2744b6b24346d2750b85965e7e399bec1620232797dc",
                "sha256:666b0ee4a7a1220f65d367617f2cd3ffddff3e205f3f16a0284df30e774c2a9c"
            ],
            "version": "==0.5.1"
        },
        "pexpect": {
            "hashes": [
                "sha256:2094eefdfcf37a1fdbfb9aa090862c1a4878e5c7e0e7e7088bdb511c558e5cd1",
                "sha256:9e2c1fd0e6ee3a49b28f95d4b33bc389c89b20af6a1255906e90ff1262ce62eb"
            ],
            "markers": "sys_platform != 'win32'",
            "version": "==4.7.0"
        },
        "pickleshare": {
            "hashes": [
                "sha256:87683d47965c1da65cdacaf31c8441d12b8044cdec9aca500cd78fc2c683afca",
                "sha256:9649af414d74d4df115d5d718f82acb59c9d418196b7b4290ed47a12ce62df56"
            ],
            "version": "==0.7.5"
        },
        "prompt-toolkit": {
            "hashes": [
                "sha256:11adf3389a996a6d45cc277580d0d53e8a5afd281d0c9ec71b28e6f121463780",
                "sha256:2519ad1d8038fd5fc8e770362237ad0364d16a7650fb5724af6997ed5515e3c1",
                "sha256:977c6583ae813a37dc1c2e1b715892461fcbdaa57f6fc62f33a528c4886c8f55"
            ],
            "version": "==2.0.9"
        },
        "ptyprocess": {
            "hashes": [
                "sha256:923f299cc5ad920c68f2bc0bc98b75b9f838b93b599941a6b63ddbc2476394c0",
                "sha256:d7cc528d76e76342423ca640335bd3633420dc1366f258cb31d05e865ef5ca1f"
            ],
            "version": "==0.6.0"
        },
        "pycodestyle": {
            "hashes": [
                "sha256:95a2219d12372f05704562a14ec30bc76b05a5b297b21a5dfe3f6fac3491ae56",
                "sha256:e40a936c9a450ad81df37f549d676d127b1b66000a6c500caa2b085bc0ca976c"
            ],
            "version": "==2.5.0"
        },
        "pyflakes": {
            "hashes": [
                "sha256:17dbeb2e3f4d772725c777fabc446d5634d1038f234e77343108ce445ea69ce0",
                "sha256:d976835886f8c5b31d47970ed689944a0262b5f3afa00a5a7b4dc81e5449f8a2"
            ],
            "version": "==2.1.1"
        },
        "pygments": {
            "hashes": [
                "sha256:71e430bc85c88a430f000ac1d9b331d2407f681d6f6aec95e8bcfbc3df5b0127",
                "sha256:881c4c157e45f30af185c1ffe8d549d48ac9127433f2c380c24b84572ad66297"
            ],
            "version": "==2.4.2"
        },
        "six": {
            "hashes": [
                "sha256:3350809f0555b11f552448330d0b52d5f24c91a322ea4a15ef22629740f3761c",
                "sha256:d16a0141ec1a18405cd4ce8b4613101da75da0e9a7aec5bdd4fa804d0e0eba73"
            ],
            "version": "==1.12.0"
        },
        "traitlets": {
            "hashes": [
                "sha256:9c4bd2d267b7153df9152698efb1050a5d84982d3384a37b2c1f7723ba3e7835",
                "sha256:c6cb5e6f57c5a9bdaa40fa71ce7b4af30298fbab9ece9815b5d995ab6217c7d9"
            ],
            "version": "==4.3.2"
        },
        "wcwidth": {
            "hashes": [
                "sha256:3df37372226d6e63e1b1e1eda15c594bca98a22d33a23832a90998faa96bc65e",
                "sha256:f4ebe71925af7b40a864553f761ed559b43544f8f71746c2d756c7fe788ade7c"
            ],
            "version": "==0.1.7"
        }
    }
}
